// !$*UTF8*$!
{
	archiveVersion = 1;
	classes = {
	};
	objectVersion = 50;
	objects = {

/* Begin PBXBuildFile section */
		15F207EF0F2BC9E3C4B5E387 /* Pods_GlanceCalendar.framework in Frameworks */ = {isa = PBXBuildFile; fileRef = 2286680E7C02624035206ADC /* Pods_GlanceCalendar.framework */; };
		490022B621857CA10010D83A /* NSColor+Custom.swift in Sources */ = {isa = PBXBuildFile; fileRef = 490022B421857CA10010D83A /* NSColor+Custom.swift */; };
		490022BD218619FA0010D83A /* CalendarDayView.swift in Sources */ = {isa = PBXBuildFile; fileRef = 490022BC218619FA0010D83A /* CalendarDayView.swift */; };
		490022D721862D2C0010D83A /* ServiceManagement.framework in Frameworks */ = {isa = PBXBuildFile; fileRef = 490022D621862D2C0010D83A /* ServiceManagement.framework */; };
		490022DB218630090010D83A /* Notification.Name+Custom.swift in Sources */ = {isa = PBXBuildFile; fileRef = 490022DA218630090010D83A /* Notification.Name+Custom.swift */; };
		49004E40217D2C9C007C27ED /* AppDelegate.swift in Sources */ = {isa = PBXBuildFile; fileRef = 49004E3F217D2C9C007C27ED /* AppDelegate.swift */; };
		49004E42217D2C9C007C27ED /* MenuController.swift in Sources */ = {isa = PBXBuildFile; fileRef = 49004E41217D2C9C007C27ED /* MenuController.swift */; };
		49004E44217D2C9D007C27ED /* Assets.xcassets in Resources */ = {isa = PBXBuildFile; fileRef = 49004E43217D2C9D007C27ED /* Assets.xcassets */; };
		49004E47217D2C9D007C27ED /* Main.storyboard in Resources */ = {isa = PBXBuildFile; fileRef = 49004E45217D2C9D007C27ED /* Main.storyboard */; };
		49004E50217D2E55007C27ED /* Date+Formatting.swift in Sources */ = {isa = PBXBuildFile; fileRef = 49004E4F217D2E55007C27ED /* Date+Formatting.swift */; };
		49004E59217D57C7007C27ED /* CalendarViewController.swift in Sources */ = {isa = PBXBuildFile; fileRef = 49004E57217D57C7007C27ED /* CalendarViewController.swift */; };
		49004E5A217D57C7007C27ED /* CalendarViewController.xib in Resources */ = {isa = PBXBuildFile; fileRef = 49004E58217D57C7007C27ED /* CalendarViewController.xib */; };
		49004E5D217D6522007C27ED /* CalendarGrid.swift in Sources */ = {isa = PBXBuildFile; fileRef = 49004E5C217D6522007C27ED /* CalendarGrid.swift */; };
		493598222197526700D6B853 /* Moment+Custom.swift in Sources */ = {isa = PBXBuildFile; fileRef = 493598212197526700D6B853 /* Moment+Custom.swift */; };
		4935982421977ECC00D6B853 /* CarbonKeyHandler.swift in Sources */ = {isa = PBXBuildFile; fileRef = 4935982321977ECC00D6B853 /* CarbonKeyHandler.swift */; };
		4935982F2198AE9200D6B853 /* Clock.swift in Sources */ = {isa = PBXBuildFile; fileRef = 4935982E2198AE9200D6B853 /* Clock.swift */; };
		494109F0217D6EB800DE2B45 /* CalendarGridTests.swift in Sources */ = {isa = PBXBuildFile; fileRef = 494109EF217D6EB800DE2B45 /* CalendarGridTests.swift */; };
		494109FB217D798D00DE2B45 /* CalendarDayViewController.swift in Sources */ = {isa = PBXBuildFile; fileRef = 494109F9217D798D00DE2B45 /* CalendarDayViewController.swift */; };
		494838E62186531B00B3D4F9 /* AppDelegate.swift in Sources */ = {isa = PBXBuildFile; fileRef = 494838E52186531B00B3D4F9 /* AppDelegate.swift */; };
		494838EA2186531D00B3D4F9 /* Assets.xcassets in Resources */ = {isa = PBXBuildFile; fileRef = 494838E92186531D00B3D4F9 /* Assets.xcassets */; };
		494838ED2186531D00B3D4F9 /* Main.storyboard in Resources */ = {isa = PBXBuildFile; fileRef = 494838EB2186531D00B3D4F9 /* Main.storyboard */; };
		494838F3218653BF00B3D4F9 /* Notification.Name+Custom.swift in Sources */ = {isa = PBXBuildFile; fileRef = 490022DA218630090010D83A /* Notification.Name+Custom.swift */; };
		494838F4218653DF00B3D4F9 /* GlanceCalendarLauncher.app in Resources */ = {isa = PBXBuildFile; fileRef = 494838E32186531B00B3D4F9 /* GlanceCalendarLauncher.app */; };
		494838F82186540E00B3D4F9 /* GlanceCalendarLauncher.app in CopyFiles */ = {isa = PBXBuildFile; fileRef = 494838E32186531B00B3D4F9 /* GlanceCalendarLauncher.app */; settings = {ATTRIBUTES = (RemoveHeadersOnCopy, ); }; };
		49DD9A0E21865DC3004D7CD6 /* CalendarHeaderView.swift in Sources */ = {isa = PBXBuildFile; fileRef = 49DD9A0D21865DC3004D7CD6 /* CalendarHeaderView.swift */; };
		49E04609218668A600E78BFC /* MonthControlButton.swift in Sources */ = {isa = PBXBuildFile; fileRef = 49E04608218668A600E78BFC /* MonthControlButton.swift */; };
		7A4724C97C4EAF528F95D082 /* Pods_GlanceCalendarTests.framework in Frameworks */ = {isa = PBXBuildFile; fileRef = E39CCFA443172F213B082F45 /* Pods_GlanceCalendarTests.framework */; };
		B74DCDA6219F5E2D00CD6E01 /* EventStore.swift in Sources */ = {isa = PBXBuildFile; fileRef = B74DCDA5219F5E2D00CD6E01 /* EventStore.swift */; };
		B74DCDA8219F5E6500CD6E01 /* EventKit.framework in Frameworks */ = {isa = PBXBuildFile; fileRef = B74DCDA7219F5E6500CD6E01 /* EventKit.framework */; };
		B7B9D8F0227FB6DD0088F377 /* EventMenuItemViewController.swift in Sources */ = {isa = PBXBuildFile; fileRef = B7B9D8EF227FB6DD0088F377 /* EventMenuItemViewController.swift */; };
/* End PBXBuildFile section */

/* Begin PBXContainerItemProxy section */
		494109F2217D6EB800DE2B45 /* PBXContainerItemProxy */ = {
			isa = PBXContainerItemProxy;
			containerPortal = 49004E34217D2C9C007C27ED /* Project object */;
			proxyType = 1;
			remoteGlobalIDString = 49004E3B217D2C9C007C27ED;
			remoteInfo = GlanceCalendar;
		};
		494838F5218653DF00B3D4F9 /* PBXContainerItemProxy */ = {
			isa = PBXContainerItemProxy;
			containerPortal = 49004E34217D2C9C007C27ED /* Project object */;
			proxyType = 1;
			remoteGlobalIDString = 494838E22186531B00B3D4F9;
			remoteInfo = GlanceCalendarLauncher;
		};
/* End PBXContainerItemProxy section */

/* Begin PBXCopyFilesBuildPhase section */
		490022D821862D650010D83A /* CopyFiles */ = {
			isa = PBXCopyFilesBuildPhase;
			buildActionMask = 2147483647;
			dstPath = Contents/Library/LoginItems;
			dstSubfolderSpec = 1;
			files = (
				494838F82186540E00B3D4F9 /* GlanceCalendarLauncher.app in CopyFiles */,
			);
			runOnlyForDeploymentPostprocessing = 0;
		};
/* End PBXCopyFilesBuildPhase section */

/* Begin PBXFileReference section */
		2286680E7C02624035206ADC /* Pods_GlanceCalendar.framework */ = {isa = PBXFileReference; explicitFileType = wrapper.framework; includeInIndex = 0; path = Pods_GlanceCalendar.framework; sourceTree = BUILT_PRODUCTS_DIR; };
		31131F285E183DEB0DFBBC34 /* Pods-GlanceCalendar.debug.xcconfig */ = {isa = PBXFileReference; includeInIndex = 1; lastKnownFileType = text.xcconfig; name = "Pods-GlanceCalendar.debug.xcconfig"; path = "Pods/Target Support Files/Pods-GlanceCalendar/Pods-GlanceCalendar.debug.xcconfig"; sourceTree = "<group>"; };
		3621AB4754AC36A3F17AE6EA /* Pods-GlanceCalendarTests.debug.xcconfig */ = {isa = PBXFileReference; includeInIndex = 1; lastKnownFileType = text.xcconfig; name = "Pods-GlanceCalendarTests.debug.xcconfig"; path = "Pods/Target Support Files/Pods-GlanceCalendarTests/Pods-GlanceCalendarTests.debug.xcconfig"; sourceTree = "<group>"; };
		490022B421857CA10010D83A /* NSColor+Custom.swift */ = {isa = PBXFileReference; lastKnownFileType = sourcecode.swift; path = "NSColor+Custom.swift"; sourceTree = "<group>"; };
		490022BC218619FA0010D83A /* CalendarDayView.swift */ = {isa = PBXFileReference; lastKnownFileType = sourcecode.swift; path = CalendarDayView.swift; sourceTree = "<group>"; };
		490022D621862D2C0010D83A /* ServiceManagement.framework */ = {isa = PBXFileReference; lastKnownFileType = wrapper.framework; name = ServiceManagement.framework; path = System/Library/Frameworks/ServiceManagement.framework; sourceTree = SDKROOT; };
		490022DA218630090010D83A /* Notification.Name+Custom.swift */ = {isa = PBXFileReference; lastKnownFileType = sourcecode.swift; path = "Notification.Name+Custom.swift"; sourceTree = "<group>"; };
		49004E3C217D2C9C007C27ED /* GlanceCalendar.app */ = {isa = PBXFileReference; explicitFileType = wrapper.application; includeInIndex = 0; path = GlanceCalendar.app; sourceTree = BUILT_PRODUCTS_DIR; };
		49004E3F217D2C9C007C27ED /* AppDelegate.swift */ = {isa = PBXFileReference; lastKnownFileType = sourcecode.swift; path = AppDelegate.swift; sourceTree = "<group>"; };
		49004E41217D2C9C007C27ED /* MenuController.swift */ = {isa = PBXFileReference; lastKnownFileType = sourcecode.swift; path = MenuController.swift; sourceTree = "<group>"; };
		49004E43217D2C9D007C27ED /* Assets.xcassets */ = {isa = PBXFileReference; lastKnownFileType = folder.assetcatalog; path = Assets.xcassets; sourceTree = "<group>"; };
		49004E46217D2C9D007C27ED /* Base */ = {isa = PBXFileReference; lastKnownFileType = file.storyboard; name = Base; path = Base.lproj/Main.storyboard; sourceTree = "<group>"; };
		49004E48217D2C9D007C27ED /* Info.plist */ = {isa = PBXFileReference; lastKnownFileType = text.plist.xml; path = Info.plist; sourceTree = "<group>"; };
		49004E49217D2C9D007C27ED /* GlanceCalendar.entitlements */ = {isa = PBXFileReference; lastKnownFileType = text.plist.entitlements; path = GlanceCalendar.entitlements; sourceTree = "<group>"; };
		49004E4F217D2E55007C27ED /* Date+Formatting.swift */ = {isa = PBXFileReference; lastKnownFileType = sourcecode.swift; path = "Date+Formatting.swift"; sourceTree = "<group>"; };
		49004E57217D57C7007C27ED /* CalendarViewController.swift */ = {isa = PBXFileReference; lastKnownFileType = sourcecode.swift; path = CalendarViewController.swift; sourceTree = "<group>"; };
		49004E58217D57C7007C27ED /* CalendarViewController.xib */ = {isa = PBXFileReference; lastKnownFileType = file.xib; path = CalendarViewController.xib; sourceTree = "<group>"; };
		49004E5C217D6522007C27ED /* CalendarGrid.swift */ = {isa = PBXFileReference; lastKnownFileType = sourcecode.swift; path = CalendarGrid.swift; sourceTree = "<group>"; };
		493598212197526700D6B853 /* Moment+Custom.swift */ = {isa = PBXFileReference; lastKnownFileType = sourcecode.swift; path = "Moment+Custom.swift"; sourceTree = "<group>"; };
		4935982321977ECC00D6B853 /* CarbonKeyHandler.swift */ = {isa = PBXFileReference; lastKnownFileType = sourcecode.swift; path = CarbonKeyHandler.swift; sourceTree = "<group>"; };
		4935982E2198AE9200D6B853 /* Clock.swift */ = {isa = PBXFileReference; lastKnownFileType = sourcecode.swift; path = Clock.swift; sourceTree = "<group>"; };
		494109ED217D6EB800DE2B45 /* GlanceCalendarTests.xctest */ = {isa = PBXFileReference; explicitFileType = wrapper.cfbundle; includeInIndex = 0; path = GlanceCalendarTests.xctest; sourceTree = BUILT_PRODUCTS_DIR; };
		494109EF217D6EB800DE2B45 /* CalendarGridTests.swift */ = {isa = PBXFileReference; lastKnownFileType = sourcecode.swift; path = CalendarGridTests.swift; sourceTree = "<group>"; };
		494109F1217D6EB800DE2B45 /* Info.plist */ = {isa = PBXFileReference; lastKnownFileType = text.plist.xml; path = Info.plist; sourceTree = "<group>"; };
		494109F9217D798D00DE2B45 /* CalendarDayViewController.swift */ = {isa = PBXFileReference; lastKnownFileType = sourcecode.swift; path = CalendarDayViewController.swift; sourceTree = "<group>"; };
		494838E32186531B00B3D4F9 /* GlanceCalendarLauncher.app */ = {isa = PBXFileReference; explicitFileType = wrapper.application; includeInIndex = 0; path = GlanceCalendarLauncher.app; sourceTree = BUILT_PRODUCTS_DIR; };
		494838E52186531B00B3D4F9 /* AppDelegate.swift */ = {isa = PBXFileReference; lastKnownFileType = sourcecode.swift; path = AppDelegate.swift; sourceTree = "<group>"; };
		494838E92186531D00B3D4F9 /* Assets.xcassets */ = {isa = PBXFileReference; lastKnownFileType = folder.assetcatalog; path = Assets.xcassets; sourceTree = "<group>"; };
		494838EC2186531D00B3D4F9 /* Base */ = {isa = PBXFileReference; lastKnownFileType = file.storyboard; name = Base; path = Base.lproj/Main.storyboard; sourceTree = "<group>"; };
		494838EE2186531D00B3D4F9 /* Info.plist */ = {isa = PBXFileReference; lastKnownFileType = text.plist.xml; path = Info.plist; sourceTree = "<group>"; };
		494838EF2186531D00B3D4F9 /* GlanceCalendarLauncher.entitlements */ = {isa = PBXFileReference; lastKnownFileType = text.plist.entitlements; path = GlanceCalendarLauncher.entitlements; sourceTree = "<group>"; };
		49DD9A0D21865DC3004D7CD6 /* CalendarHeaderView.swift */ = {isa = PBXFileReference; lastKnownFileType = sourcecode.swift; path = CalendarHeaderView.swift; sourceTree = "<group>"; };
		49E04608218668A600E78BFC /* MonthControlButton.swift */ = {isa = PBXFileReference; lastKnownFileType = sourcecode.swift; path = MonthControlButton.swift; sourceTree = "<group>"; };
		4CB80A895BB6AA85D55B08AB /* Pods-GlanceCalendarTests.release.xcconfig */ = {isa = PBXFileReference; includeInIndex = 1; lastKnownFileType = text.xcconfig; name = "Pods-GlanceCalendarTests.release.xcconfig"; path = "Pods/Target Support Files/Pods-GlanceCalendarTests/Pods-GlanceCalendarTests.release.xcconfig"; sourceTree = "<group>"; };
		70808874E257742B92532576 /* Pods-GlanceCalendar.release.xcconfig */ = {isa = PBXFileReference; includeInIndex = 1; lastKnownFileType = text.xcconfig; name = "Pods-GlanceCalendar.release.xcconfig"; path = "Pods/Target Support Files/Pods-GlanceCalendar/Pods-GlanceCalendar.release.xcconfig"; sourceTree = "<group>"; };
		B74DCDA5219F5E2D00CD6E01 /* EventStore.swift */ = {isa = PBXFileReference; lastKnownFileType = sourcecode.swift; path = EventStore.swift; sourceTree = "<group>"; };
		B74DCDA7219F5E6500CD6E01 /* EventKit.framework */ = {isa = PBXFileReference; lastKnownFileType = wrapper.framework; name = EventKit.framework; path = System/Library/Frameworks/EventKit.framework; sourceTree = SDKROOT; };
		B7B9D8EF227FB6DD0088F377 /* EventMenuItemViewController.swift */ = {isa = PBXFileReference; lastKnownFileType = sourcecode.swift; path = EventMenuItemViewController.swift; sourceTree = "<group>"; };
		E39CCFA443172F213B082F45 /* Pods_GlanceCalendarTests.framework */ = {isa = PBXFileReference; explicitFileType = wrapper.framework; includeInIndex = 0; path = Pods_GlanceCalendarTests.framework; sourceTree = BUILT_PRODUCTS_DIR; };
/* End PBXFileReference section */

/* Begin PBXFrameworksBuildPhase section */
		49004E39217D2C9C007C27ED /* Frameworks */ = {
			isa = PBXFrameworksBuildPhase;
			buildActionMask = 2147483647;
			files = (
				B74DCDA8219F5E6500CD6E01 /* EventKit.framework in Frameworks */,
				490022D721862D2C0010D83A /* ServiceManagement.framework in Frameworks */,
				15F207EF0F2BC9E3C4B5E387 /* Pods_GlanceCalendar.framework in Frameworks */,
			);
			runOnlyForDeploymentPostprocessing = 0;
		};
		494109EA217D6EB800DE2B45 /* Frameworks */ = {
			isa = PBXFrameworksBuildPhase;
			buildActionMask = 2147483647;
			files = (
				7A4724C97C4EAF528F95D082 /* Pods_GlanceCalendarTests.framework in Frameworks */,
			);
			runOnlyForDeploymentPostprocessing = 0;
		};
		494838E02186531B00B3D4F9 /* Frameworks */ = {
			isa = PBXFrameworksBuildPhase;
			buildActionMask = 2147483647;
			files = (
			);
			runOnlyForDeploymentPostprocessing = 0;
		};
/* End PBXFrameworksBuildPhase section */

/* Begin PBXGroup section */
		49004E33217D2C9C007C27ED = {
			isa = PBXGroup;
			children = (
				490022DA218630090010D83A /* Notification.Name+Custom.swift */,
				49004E3E217D2C9C007C27ED /* GlanceCalendar */,
				494109EE217D6EB800DE2B45 /* GlanceCalendarTests */,
				494838E42186531B00B3D4F9 /* GlanceCalendarLauncher */,
				49004E3D217D2C9C007C27ED /* Products */,
				F7023350DC027CE6A9390050 /* Pods */,
				C9B3933A127766A7564194CC /* Frameworks */,
			);
			sourceTree = "<group>";
		};
		49004E3D217D2C9C007C27ED /* Products */ = {
			isa = PBXGroup;
			children = (
				49004E3C217D2C9C007C27ED /* GlanceCalendar.app */,
				494109ED217D6EB800DE2B45 /* GlanceCalendarTests.xctest */,
				494838E32186531B00B3D4F9 /* GlanceCalendarLauncher.app */,
			);
			name = Products;
			sourceTree = "<group>";
		};
		49004E3E217D2C9C007C27ED /* GlanceCalendar */ = {
			isa = PBXGroup;
			children = (
				49004E43217D2C9D007C27ED /* Assets.xcassets */,
				49004E49217D2C9D007C27ED /* GlanceCalendar.entitlements */,
				49004E48217D2C9D007C27ED /* Info.plist */,
				49004E45217D2C9D007C27ED /* Main.storyboard */,
				49004E3F217D2C9C007C27ED /* AppDelegate.swift */,
				4935982321977ECC00D6B853 /* CarbonKeyHandler.swift */,
				49004E41217D2C9C007C27ED /* MenuController.swift */,
				4935982521989C4200D6B853 /* Extensions */,
				B74DCDAB219F65DD00CD6E01 /* Models */,
				4935982A2198A32700D6B853 /* Features */,
			);
			path = GlanceCalendar;
			sourceTree = "<group>";
		};
		4935982521989C4200D6B853 /* Extensions */ = {
			isa = PBXGroup;
			children = (
				49004E4F217D2E55007C27ED /* Date+Formatting.swift */,
				493598212197526700D6B853 /* Moment+Custom.swift */,
				490022B421857CA10010D83A /* NSColor+Custom.swift */,
			);
			path = Extensions;
			sourceTree = "<group>";
		};
		493598262198A25500D6B853 /* Calendar */ = {
			isa = PBXGroup;
			children = (
				493598292198A2A200D6B853 /* Models */,
				493598272198A28F00D6B853 /* Views */,
				493598282198A29B00D6B853 /* Controllers */,
			);
			path = Calendar;
			sourceTree = "<group>";
		};
		493598272198A28F00D6B853 /* Views */ = {
			isa = PBXGroup;
			children = (
				49004E58217D57C7007C27ED /* CalendarViewController.xib */,
				490022BC218619FA0010D83A /* CalendarDayView.swift */,
				49DD9A0D21865DC3004D7CD6 /* CalendarHeaderView.swift */,
				49E04608218668A600E78BFC /* MonthControlButton.swift */,
			);
			path = Views;
			sourceTree = "<group>";
		};
		493598282198A29B00D6B853 /* Controllers */ = {
			isa = PBXGroup;
			children = (
				49004E57217D57C7007C27ED /* CalendarViewController.swift */,
				494109F9217D798D00DE2B45 /* CalendarDayViewController.swift */,
			);
			path = Controllers;
			sourceTree = "<group>";
		};
		493598292198A2A200D6B853 /* Models */ = {
			isa = PBXGroup;
			children = (
				49004E5C217D6522007C27ED /* CalendarGrid.swift */,
			);
			path = Models;
			sourceTree = "<group>";
		};
		4935982A2198A32700D6B853 /* Features */ = {
			isa = PBXGroup;
			children = (
				B74DCDA9219F65A900CD6E01 /* Events */,
				493598262198A25500D6B853 /* Calendar */,
			);
			path = Features;
			sourceTree = "<group>";
		};
		494109EE217D6EB800DE2B45 /* GlanceCalendarTests */ = {
			isa = PBXGroup;
			children = (
				494109EF217D6EB800DE2B45 /* CalendarGridTests.swift */,
				494109F1217D6EB800DE2B45 /* Info.plist */,
			);
			path = GlanceCalendarTests;
			sourceTree = "<group>";
		};
		494838E42186531B00B3D4F9 /* GlanceCalendarLauncher */ = {
			isa = PBXGroup;
			children = (
				494838E52186531B00B3D4F9 /* AppDelegate.swift */,
				494838E92186531D00B3D4F9 /* Assets.xcassets */,
				494838EB2186531D00B3D4F9 /* Main.storyboard */,
				494838EE2186531D00B3D4F9 /* Info.plist */,
				494838EF2186531D00B3D4F9 /* GlanceCalendarLauncher.entitlements */,
			);
			path = GlanceCalendarLauncher;
			sourceTree = "<group>";
		};
		B74DCDA9219F65A900CD6E01 /* Events */ = {
			isa = PBXGroup;
			children = (
				B7B9D8F1227FB6E40088F377 /* Controllers */,
				B7B9D8EC227FB60B0088F377 /* Views */,
			);
			path = Events;
			sourceTree = "<group>";
		};
		B74DCDAB219F65DD00CD6E01 /* Models */ = {
			isa = PBXGroup;
			children = (
				B74DCDA5219F5E2D00CD6E01 /* EventStore.swift */,
				4935982E2198AE9200D6B853 /* Clock.swift */,
			);
			path = Models;
			sourceTree = "<group>";
		};
		B7B9D8EC227FB60B0088F377 /* Views */ = {
			isa = PBXGroup;
			children = (
			);
			path = Views;
			sourceTree = "<group>";
		};
		B7B9D8F1227FB6E40088F377 /* Controllers */ = {
			isa = PBXGroup;
			children = (
				B7B9D8EF227FB6DD0088F377 /* EventMenuItemViewController.swift */,
			);
			path = Controllers;
			sourceTree = "<group>";
		};
		C9B3933A127766A7564194CC /* Frameworks */ = {
			isa = PBXGroup;
			children = (
				B74DCDA7219F5E6500CD6E01 /* EventKit.framework */,
				490022D621862D2C0010D83A /* ServiceManagement.framework */,
				2286680E7C02624035206ADC /* Pods_GlanceCalendar.framework */,
				E39CCFA443172F213B082F45 /* Pods_GlanceCalendarTests.framework */,
			);
			name = Frameworks;
			sourceTree = "<group>";
		};
		F7023350DC027CE6A9390050 /* Pods */ = {
			isa = PBXGroup;
			children = (
				31131F285E183DEB0DFBBC34 /* Pods-GlanceCalendar.debug.xcconfig */,
				70808874E257742B92532576 /* Pods-GlanceCalendar.release.xcconfig */,
				3621AB4754AC36A3F17AE6EA /* Pods-GlanceCalendarTests.debug.xcconfig */,
				4CB80A895BB6AA85D55B08AB /* Pods-GlanceCalendarTests.release.xcconfig */,
			);
			name = Pods;
			sourceTree = "<group>";
		};
/* End PBXGroup section */

/* Begin PBXNativeTarget section */
		49004E3B217D2C9C007C27ED /* GlanceCalendar */ = {
			isa = PBXNativeTarget;
			buildConfigurationList = 49004E4C217D2C9D007C27ED /* Build configuration list for PBXNativeTarget "GlanceCalendar" */;
			buildPhases = (
				C29D1578160D994D562973BB /* [CP] Check Pods Manifest.lock */,
				49004E38217D2C9C007C27ED /* Sources */,
				49004E39217D2C9C007C27ED /* Frameworks */,
				49004E3A217D2C9C007C27ED /* Resources */,
				4A8B8C85033E39E739F0FE2F /* [CP] Embed Pods Frameworks */,
				490022D821862D650010D83A /* CopyFiles */,
			);
			buildRules = (
			);
			dependencies = (
				494838F6218653DF00B3D4F9 /* PBXTargetDependency */,
			);
			name = GlanceCalendar;
			productName = GlanceCalendar;
			productReference = 49004E3C217D2C9C007C27ED /* GlanceCalendar.app */;
			productType = "com.apple.product-type.application";
		};
		494109EC217D6EB800DE2B45 /* GlanceCalendarTests */ = {
			isa = PBXNativeTarget;
			buildConfigurationList = 494109F4217D6EB800DE2B45 /* Build configuration list for PBXNativeTarget "GlanceCalendarTests" */;
			buildPhases = (
				5C69F55A1ECCF7A1C2E251BE /* [CP] Check Pods Manifest.lock */,
				494109E9217D6EB800DE2B45 /* Sources */,
				494109EA217D6EB800DE2B45 /* Frameworks */,
				494109EB217D6EB800DE2B45 /* Resources */,
			);
			buildRules = (
			);
			dependencies = (
				494109F3217D6EB800DE2B45 /* PBXTargetDependency */,
			);
			name = GlanceCalendarTests;
			productName = GlanceCalendarTests;
			productReference = 494109ED217D6EB800DE2B45 /* GlanceCalendarTests.xctest */;
			productType = "com.apple.product-type.bundle.unit-test";
		};
		494838E22186531B00B3D4F9 /* GlanceCalendarLauncher */ = {
			isa = PBXNativeTarget;
			buildConfigurationList = 494838F02186531D00B3D4F9 /* Build configuration list for PBXNativeTarget "GlanceCalendarLauncher" */;
			buildPhases = (
				494838DF2186531B00B3D4F9 /* Sources */,
				494838E02186531B00B3D4F9 /* Frameworks */,
				494838E12186531B00B3D4F9 /* Resources */,
			);
			buildRules = (
			);
			dependencies = (
			);
			name = GlanceCalendarLauncher;
			productName = GlanceCalendarLauncher;
			productReference = 494838E32186531B00B3D4F9 /* GlanceCalendarLauncher.app */;
			productType = "com.apple.product-type.application";
		};
/* End PBXNativeTarget section */

/* Begin PBXProject section */
		49004E34217D2C9C007C27ED /* Project object */ = {
			isa = PBXProject;
			attributes = {
				LastSwiftUpdateCheck = 1000;
				LastUpgradeCheck = 1000;
				ORGANIZATIONNAME = Wheream.io;
				TargetAttributes = {
					49004E3B217D2C9C007C27ED = {
						CreatedOnToolsVersion = 10.0;
					};
					494109EC217D6EB800DE2B45 = {
						CreatedOnToolsVersion = 10.0;
						TestTargetID = 49004E3B217D2C9C007C27ED;
					};
					494838E22186531B00B3D4F9 = {
						CreatedOnToolsVersion = 10.0;
					};
				};
			};
			buildConfigurationList = 49004E37217D2C9C007C27ED /* Build configuration list for PBXProject "GlanceCalendar" */;
			compatibilityVersion = "Xcode 9.3";
			developmentRegion = en;
			hasScannedForEncodings = 0;
			knownRegions = (
				en,
				Base,
			);
			mainGroup = 49004E33217D2C9C007C27ED;
			productRefGroup = 49004E3D217D2C9C007C27ED /* Products */;
			projectDirPath = "";
			projectRoot = "";
			targets = (
				49004E3B217D2C9C007C27ED /* GlanceCalendar */,
				494109EC217D6EB800DE2B45 /* GlanceCalendarTests */,
				494838E22186531B00B3D4F9 /* GlanceCalendarLauncher */,
			);
		};
/* End PBXProject section */

/* Begin PBXResourcesBuildPhase section */
		49004E3A217D2C9C007C27ED /* Resources */ = {
			isa = PBXResourcesBuildPhase;
			buildActionMask = 2147483647;
			files = (
				49004E5A217D57C7007C27ED /* CalendarViewController.xib in Resources */,
				49004E44217D2C9D007C27ED /* Assets.xcassets in Resources */,
				49004E47217D2C9D007C27ED /* Main.storyboard in Resources */,
				494838F4218653DF00B3D4F9 /* GlanceCalendarLauncher.app in Resources */,
			);
			runOnlyForDeploymentPostprocessing = 0;
		};
		494109EB217D6EB800DE2B45 /* Resources */ = {
			isa = PBXResourcesBuildPhase;
			buildActionMask = 2147483647;
			files = (
			);
			runOnlyForDeploymentPostprocessing = 0;
		};
		494838E12186531B00B3D4F9 /* Resources */ = {
			isa = PBXResourcesBuildPhase;
			buildActionMask = 2147483647;
			files = (
				494838EA2186531D00B3D4F9 /* Assets.xcassets in Resources */,
				494838ED2186531D00B3D4F9 /* Main.storyboard in Resources */,
			);
			runOnlyForDeploymentPostprocessing = 0;
		};
/* End PBXResourcesBuildPhase section */

/* Begin PBXShellScriptBuildPhase section */
		4A8B8C85033E39E739F0FE2F /* [CP] Embed Pods Frameworks */ = {
			isa = PBXShellScriptBuildPhase;
			buildActionMask = 2147483647;
			files = (
			);
			inputPaths = (
				"${SRCROOT}/Pods/Target Support Files/Pods-GlanceCalendar/Pods-GlanceCalendar-frameworks.sh",
				"${BUILT_PRODUCTS_DIR}/SwiftMoment/SwiftMoment.framework",
			);
			name = "[CP] Embed Pods Frameworks";
			outputPaths = (
				"${TARGET_BUILD_DIR}/${FRAMEWORKS_FOLDER_PATH}/SwiftMoment.framework",
			);
			runOnlyForDeploymentPostprocessing = 0;
			shellPath = /bin/sh;
			shellScript = "\"${SRCROOT}/Pods/Target Support Files/Pods-GlanceCalendar/Pods-GlanceCalendar-frameworks.sh\"\n";
			showEnvVarsInLog = 0;
		};
		5C69F55A1ECCF7A1C2E251BE /* [CP] Check Pods Manifest.lock */ = {
			isa = PBXShellScriptBuildPhase;
			buildActionMask = 2147483647;
			files = (
			);
			inputPaths = (
				"${PODS_PODFILE_DIR_PATH}/Podfile.lock",
				"${PODS_ROOT}/Manifest.lock",
			);
			name = "[CP] Check Pods Manifest.lock";
			outputPaths = (
				"$(DERIVED_FILE_DIR)/Pods-GlanceCalendarTests-checkManifestLockResult.txt",
			);
			runOnlyForDeploymentPostprocessing = 0;
			shellPath = /bin/sh;
			shellScript = "diff \"${PODS_PODFILE_DIR_PATH}/Podfile.lock\" \"${PODS_ROOT}/Manifest.lock\" > /dev/null\nif [ $? != 0 ] ; then\n    # print error to STDERR\n    echo \"error: The sandbox is not in sync with the Podfile.lock. Run 'pod install' or update your CocoaPods installation.\" >&2\n    exit 1\nfi\n# This output is used by Xcode 'outputs' to avoid re-running this script phase.\necho \"SUCCESS\" > \"${SCRIPT_OUTPUT_FILE_0}\"\n";
			showEnvVarsInLog = 0;
		};
		C29D1578160D994D562973BB /* [CP] Check Pods Manifest.lock */ = {
			isa = PBXShellScriptBuildPhase;
			buildActionMask = 2147483647;
			files = (
			);
			inputPaths = (
				"${PODS_PODFILE_DIR_PATH}/Podfile.lock",
				"${PODS_ROOT}/Manifest.lock",
			);
			name = "[CP] Check Pods Manifest.lock";
			outputPaths = (
				"$(DERIVED_FILE_DIR)/Pods-GlanceCalendar-checkManifestLockResult.txt",
			);
			runOnlyForDeploymentPostprocessing = 0;
			shellPath = /bin/sh;
			shellScript = "diff \"${PODS_PODFILE_DIR_PATH}/Podfile.lock\" \"${PODS_ROOT}/Manifest.lock\" > /dev/null\nif [ $? != 0 ] ; then\n    # print error to STDERR\n    echo \"error: The sandbox is not in sync with the Podfile.lock. Run 'pod install' or update your CocoaPods installation.\" >&2\n    exit 1\nfi\n# This output is used by Xcode 'outputs' to avoid re-running this script phase.\necho \"SUCCESS\" > \"${SCRIPT_OUTPUT_FILE_0}\"\n";
			showEnvVarsInLog = 0;
		};
/* End PBXShellScriptBuildPhase section */

/* Begin PBXSourcesBuildPhase section */
		49004E38217D2C9C007C27ED /* Sources */ = {
			isa = PBXSourcesBuildPhase;
			buildActionMask = 2147483647;
			files = (
				49004E59217D57C7007C27ED /* CalendarViewController.swift in Sources */,
				490022DB218630090010D83A /* Notification.Name+Custom.swift in Sources */,
				4935982421977ECC00D6B853 /* CarbonKeyHandler.swift in Sources */,
				B7B9D8F0227FB6DD0088F377 /* EventMenuItemViewController.swift in Sources */,
				494109FB217D798D00DE2B45 /* CalendarDayViewController.swift in Sources */,
				49DD9A0E21865DC3004D7CD6 /* CalendarHeaderView.swift in Sources */,
				B74DCDA6219F5E2D00CD6E01 /* EventStore.swift in Sources */,
				493598222197526700D6B853 /* Moment+Custom.swift in Sources */,
				49004E42217D2C9C007C27ED /* MenuController.swift in Sources */,
				490022BD218619FA0010D83A /* CalendarDayView.swift in Sources */,
				49004E40217D2C9C007C27ED /* AppDelegate.swift in Sources */,
				49E04609218668A600E78BFC /* MonthControlButton.swift in Sources */,
				4935982F2198AE9200D6B853 /* Clock.swift in Sources */,
				49004E50217D2E55007C27ED /* Date+Formatting.swift in Sources */,
				490022B621857CA10010D83A /* NSColor+Custom.swift in Sources */,
				49004E5D217D6522007C27ED /* CalendarGrid.swift in Sources */,
			);
			runOnlyForDeploymentPostprocessing = 0;
		};
		494109E9217D6EB800DE2B45 /* Sources */ = {
			isa = PBXSourcesBuildPhase;
			buildActionMask = 2147483647;
			files = (
				494109F0217D6EB800DE2B45 /* CalendarGridTests.swift in Sources */,
			);
			runOnlyForDeploymentPostprocessing = 0;
		};
		494838DF2186531B00B3D4F9 /* Sources */ = {
			isa = PBXSourcesBuildPhase;
			buildActionMask = 2147483647;
			files = (
				494838F3218653BF00B3D4F9 /* Notification.Name+Custom.swift in Sources */,
				494838E62186531B00B3D4F9 /* AppDelegate.swift in Sources */,
			);
			runOnlyForDeploymentPostprocessing = 0;
		};
/* End PBXSourcesBuildPhase section */

/* Begin PBXTargetDependency section */
		494109F3217D6EB800DE2B45 /* PBXTargetDependency */ = {
			isa = PBXTargetDependency;
			target = 49004E3B217D2C9C007C27ED /* GlanceCalendar */;
			targetProxy = 494109F2217D6EB800DE2B45 /* PBXContainerItemProxy */;
		};
		494838F6218653DF00B3D4F9 /* PBXTargetDependency */ = {
			isa = PBXTargetDependency;
			target = 494838E22186531B00B3D4F9 /* GlanceCalendarLauncher */;
			targetProxy = 494838F5218653DF00B3D4F9 /* PBXContainerItemProxy */;
		};
/* End PBXTargetDependency section */

/* Begin PBXVariantGroup section */
		49004E45217D2C9D007C27ED /* Main.storyboard */ = {
			isa = PBXVariantGroup;
			children = (
				49004E46217D2C9D007C27ED /* Base */,
			);
			name = Main.storyboard;
			sourceTree = "<group>";
		};
		494838EB2186531D00B3D4F9 /* Main.storyboard */ = {
			isa = PBXVariantGroup;
			children = (
				494838EC2186531D00B3D4F9 /* Base */,
			);
			name = Main.storyboard;
			sourceTree = "<group>";
		};
/* End PBXVariantGroup section */

/* Begin XCBuildConfiguration section */
		49004E4A217D2C9D007C27ED /* Debug */ = {
			isa = XCBuildConfiguration;
			buildSettings = {
				ALWAYS_SEARCH_USER_PATHS = NO;
				CLANG_ANALYZER_NONNULL = YES;
				CLANG_ANALYZER_NUMBER_OBJECT_CONVERSION = YES_AGGRESSIVE;
				CLANG_CXX_LANGUAGE_STANDARD = "gnu++14";
				CLANG_CXX_LIBRARY = "libc++";
				CLANG_ENABLE_MODULES = YES;
				CLANG_ENABLE_OBJC_ARC = YES;
				CLANG_ENABLE_OBJC_WEAK = YES;
				CLANG_WARN_BLOCK_CAPTURE_AUTORELEASING = YES;
				CLANG_WARN_BOOL_CONVERSION = YES;
				CLANG_WARN_COMMA = YES;
				CLANG_WARN_CONSTANT_CONVERSION = YES;
				CLANG_WARN_DEPRECATED_OBJC_IMPLEMENTATIONS = YES;
				CLANG_WARN_DIRECT_OBJC_ISA_USAGE = YES_ERROR;
				CLANG_WARN_DOCUMENTATION_COMMENTS = YES;
				CLANG_WARN_EMPTY_BODY = YES;
				CLANG_WARN_ENUM_CONVERSION = YES;
				CLANG_WARN_INFINITE_RECURSION = YES;
				CLANG_WARN_INT_CONVERSION = YES;
				CLANG_WARN_NON_LITERAL_NULL_CONVERSION = YES;
				CLANG_WARN_OBJC_IMPLICIT_RETAIN_SELF = YES;
				CLANG_WARN_OBJC_LITERAL_CONVERSION = YES;
				CLANG_WARN_OBJC_ROOT_CLASS = YES_ERROR;
				CLANG_WARN_RANGE_LOOP_ANALYSIS = YES;
				CLANG_WARN_STRICT_PROTOTYPES = YES;
				CLANG_WARN_SUSPICIOUS_MOVE = YES;
				CLANG_WARN_UNGUARDED_AVAILABILITY = YES_AGGRESSIVE;
				CLANG_WARN_UNREACHABLE_CODE = YES;
				CLANG_WARN__DUPLICATE_METHOD_MATCH = YES;
				CODE_SIGN_IDENTITY = "Mac Developer";
				COPY_PHASE_STRIP = NO;
				DEBUG_INFORMATION_FORMAT = dwarf;
				ENABLE_STRICT_OBJC_MSGSEND = YES;
				ENABLE_TESTABILITY = YES;
				GCC_C_LANGUAGE_STANDARD = gnu11;
				GCC_DYNAMIC_NO_PIC = NO;
				GCC_NO_COMMON_BLOCKS = YES;
				GCC_OPTIMIZATION_LEVEL = 0;
				GCC_PREPROCESSOR_DEFINITIONS = (
					"DEBUG=1",
					"$(inherited)",
				);
				GCC_WARN_64_TO_32_BIT_CONVERSION = YES;
				GCC_WARN_ABOUT_RETURN_TYPE = YES_ERROR;
				GCC_WARN_UNDECLARED_SELECTOR = YES;
				GCC_WARN_UNINITIALIZED_AUTOS = YES_AGGRESSIVE;
				GCC_WARN_UNUSED_FUNCTION = YES;
				GCC_WARN_UNUSED_VARIABLE = YES;
				MACOSX_DEPLOYMENT_TARGET = 10.14;
				MTL_ENABLE_DEBUG_INFO = INCLUDE_SOURCE;
				MTL_FAST_MATH = YES;
				ONLY_ACTIVE_ARCH = YES;
				SDKROOT = macosx;
				SWIFT_ACTIVE_COMPILATION_CONDITIONS = DEBUG;
				SWIFT_OPTIMIZATION_LEVEL = "-Onone";
			};
			name = Debug;
		};
		49004E4B217D2C9D007C27ED /* Release */ = {
			isa = XCBuildConfiguration;
			buildSettings = {
				ALWAYS_SEARCH_USER_PATHS = NO;
				CLANG_ANALYZER_NONNULL = YES;
				CLANG_ANALYZER_NUMBER_OBJECT_CONVERSION = YES_AGGRESSIVE;
				CLANG_CXX_LANGUAGE_STANDARD = "gnu++14";
				CLANG_CXX_LIBRARY = "libc++";
				CLANG_ENABLE_MODULES = YES;
				CLANG_ENABLE_OBJC_ARC = YES;
				CLANG_ENABLE_OBJC_WEAK = YES;
				CLANG_WARN_BLOCK_CAPTURE_AUTORELEASING = YES;
				CLANG_WARN_BOOL_CONVERSION = YES;
				CLANG_WARN_COMMA = YES;
				CLANG_WARN_CONSTANT_CONVERSION = YES;
				CLANG_WARN_DEPRECATED_OBJC_IMPLEMENTATIONS = YES;
				CLANG_WARN_DIRECT_OBJC_ISA_USAGE = YES_ERROR;
				CLANG_WARN_DOCUMENTATION_COMMENTS = YES;
				CLANG_WARN_EMPTY_BODY = YES;
				CLANG_WARN_ENUM_CONVERSION = YES;
				CLANG_WARN_INFINITE_RECURSION = YES;
				CLANG_WARN_INT_CONVERSION = YES;
				CLANG_WARN_NON_LITERAL_NULL_CONVERSION = YES;
				CLANG_WARN_OBJC_IMPLICIT_RETAIN_SELF = YES;
				CLANG_WARN_OBJC_LITERAL_CONVERSION = YES;
				CLANG_WARN_OBJC_ROOT_CLASS = YES_ERROR;
				CLANG_WARN_RANGE_LOOP_ANALYSIS = YES;
				CLANG_WARN_STRICT_PROTOTYPES = YES;
				CLANG_WARN_SUSPICIOUS_MOVE = YES;
				CLANG_WARN_UNGUARDED_AVAILABILITY = YES_AGGRESSIVE;
				CLANG_WARN_UNREACHABLE_CODE = YES;
				CLANG_WARN__DUPLICATE_METHOD_MATCH = YES;
				CODE_SIGN_IDENTITY = "Mac Developer";
				COPY_PHASE_STRIP = NO;
				DEBUG_INFORMATION_FORMAT = "dwarf-with-dsym";
				ENABLE_NS_ASSERTIONS = NO;
				ENABLE_STRICT_OBJC_MSGSEND = YES;
				GCC_C_LANGUAGE_STANDARD = gnu11;
				GCC_NO_COMMON_BLOCKS = YES;
				GCC_WARN_64_TO_32_BIT_CONVERSION = YES;
				GCC_WARN_ABOUT_RETURN_TYPE = YES_ERROR;
				GCC_WARN_UNDECLARED_SELECTOR = YES;
				GCC_WARN_UNINITIALIZED_AUTOS = YES_AGGRESSIVE;
				GCC_WARN_UNUSED_FUNCTION = YES;
				GCC_WARN_UNUSED_VARIABLE = YES;
				MACOSX_DEPLOYMENT_TARGET = 10.14;
				MTL_ENABLE_DEBUG_INFO = NO;
				MTL_FAST_MATH = YES;
				SDKROOT = macosx;
				SWIFT_COMPILATION_MODE = wholemodule;
				SWIFT_OPTIMIZATION_LEVEL = "-O";
			};
			name = Release;
		};
		49004E4D217D2C9D007C27ED /* Debug */ = {
			isa = XCBuildConfiguration;
			baseConfigurationReference = 31131F285E183DEB0DFBBC34 /* Pods-GlanceCalendar.debug.xcconfig */;
			buildSettings = {
				ALWAYS_EMBED_SWIFT_STANDARD_LIBRARIES = YES;
				ASSETCATALOG_COMPILER_APPICON_NAME = AppIcon;
				CODE_SIGN_ENTITLEMENTS = GlanceCalendar/GlanceCalendar.entitlements;
				CODE_SIGN_IDENTITY = "Mac Developer";
				CODE_SIGN_STYLE = Automatic;
				COMBINE_HIDPI_IMAGES = YES;
				DEVELOPMENT_TEAM = Y7U83U369J;
				INFOPLIST_FILE = GlanceCalendar/Info.plist;
				LD_RUNPATH_SEARCH_PATHS = (
					"$(inherited)",
					"@executable_path/../Frameworks",
				);
				PRODUCT_BUNDLE_IDENTIFIER = com.wheream.io.GlanceCalendar;
				PRODUCT_NAME = "$(TARGET_NAME)";
				PROVISIONING_PROFILE_SPECIFIER = "";
				SWIFT_VERSION = 4.2;
			};
			name = Debug;
		};
		49004E4E217D2C9D007C27ED /* Release */ = {
			isa = XCBuildConfiguration;
			baseConfigurationReference = 70808874E257742B92532576 /* Pods-GlanceCalendar.release.xcconfig */;
			buildSettings = {
				ALWAYS_EMBED_SWIFT_STANDARD_LIBRARIES = YES;
				ASSETCATALOG_COMPILER_APPICON_NAME = AppIcon;
				CODE_SIGN_ENTITLEMENTS = GlanceCalendar/GlanceCalendar.entitlements;
				CODE_SIGN_IDENTITY = "Mac Developer";
				CODE_SIGN_STYLE = Automatic;
				COMBINE_HIDPI_IMAGES = YES;
				DEVELOPMENT_TEAM = Y7U83U369J;
				INFOPLIST_FILE = GlanceCalendar/Info.plist;
				LD_RUNPATH_SEARCH_PATHS = (
					"$(inherited)",
					"@executable_path/../Frameworks",
				);
				PRODUCT_BUNDLE_IDENTIFIER = com.wheream.io.GlanceCalendar;
				PRODUCT_NAME = "$(TARGET_NAME)";
				PROVISIONING_PROFILE_SPECIFIER = "";
				SWIFT_VERSION = 4.2;
			};
			name = Release;
		};
		494109F5217D6EB800DE2B45 /* Debug */ = {
			isa = XCBuildConfiguration;
			baseConfigurationReference = 3621AB4754AC36A3F17AE6EA /* Pods-GlanceCalendarTests.debug.xcconfig */;
			buildSettings = {
				BUNDLE_LOADER = "$(TEST_HOST)";
				CODE_SIGN_IDENTITY = "Mac Developer";
				CODE_SIGN_STYLE = Automatic;
				COMBINE_HIDPI_IMAGES = YES;
				DEVELOPMENT_TEAM = Y7U83U369J;
				HEADER_SEARCH_PATHS = "$(SRCROOT)/Pods/**";
				INFOPLIST_FILE = GlanceCalendarTests/Info.plist;
				LD_RUNPATH_SEARCH_PATHS = (
					"$(inherited)",
					"@executable_path/../Frameworks",
					"@loader_path/../Frameworks",
				);
				PRODUCT_BUNDLE_IDENTIFIER = com.wheream.io.GlanceCalendarTests;
				PRODUCT_NAME = "$(TARGET_NAME)";
				PROVISIONING_PROFILE_SPECIFIER = "";
				SWIFT_VERSION = 4.2;
				TEST_HOST = "$(BUILT_PRODUCTS_DIR)/GlanceCalendar.app/Contents/MacOS/GlanceCalendar";
			};
			name = Debug;
		};
		494109F6217D6EB800DE2B45 /* Release */ = {
			isa = XCBuildConfiguration;
			baseConfigurationReference = 4CB80A895BB6AA85D55B08AB /* Pods-GlanceCalendarTests.release.xcconfig */;
			buildSettings = {
				BUNDLE_LOADER = "$(TEST_HOST)";
				CODE_SIGN_IDENTITY = "Mac Developer";
				CODE_SIGN_STYLE = Automatic;
				COMBINE_HIDPI_IMAGES = YES;
				DEVELOPMENT_TEAM = Y7U83U369J;
				HEADER_SEARCH_PATHS = "$(SRCROOT)/Pods/**";
				INFOPLIST_FILE = GlanceCalendarTests/Info.plist;
				LD_RUNPATH_SEARCH_PATHS = (
					"$(inherited)",
					"@executable_path/../Frameworks",
					"@loader_path/../Frameworks",
				);
				PRODUCT_BUNDLE_IDENTIFIER = com.wheream.io.GlanceCalendarTests;
				PRODUCT_NAME = "$(TARGET_NAME)";
				PROVISIONING_PROFILE_SPECIFIER = "";
				SWIFT_VERSION = 4.2;
				TEST_HOST = "$(BUILT_PRODUCTS_DIR)/GlanceCalendar.app/Contents/MacOS/GlanceCalendar";
			};
			name = Release;
		};
		494838F12186531D00B3D4F9 /* Debug */ = {
			isa = XCBuildConfiguration;
			buildSettings = {
				ASSETCATALOG_COMPILER_APPICON_NAME = AppIcon;
				CODE_SIGN_ENTITLEMENTS = GlanceCalendarLauncher/GlanceCalendarLauncher.entitlements;
				CODE_SIGN_IDENTITY = "Mac Developer";
				CODE_SIGN_STYLE = Automatic;
				COMBINE_HIDPI_IMAGES = YES;
				DEVELOPMENT_TEAM = Y7U83U369J;
				INFOPLIST_FILE = GlanceCalendarLauncher/Info.plist;
				LD_RUNPATH_SEARCH_PATHS = (
					"$(inherited)",
					"@executable_path/../Frameworks",
				);
				PRODUCT_BUNDLE_IDENTIFIER = com.wheream.io.GlanceCalendarLauncher;
				PRODUCT_NAME = "$(TARGET_NAME)";
				SKIP_INSTALL = YES;
				SWIFT_VERSION = 4.2;
			};
			name = Debug;
		};
		494838F22186531D00B3D4F9 /* Release */ = {
			isa = XCBuildConfiguration;
			buildSettings = {
				ASSETCATALOG_COMPILER_APPICON_NAME = AppIcon;
				CODE_SIGN_ENTITLEMENTS = GlanceCalendarLauncher/GlanceCalendarLauncher.entitlements;
				CODE_SIGN_IDENTITY = "Mac Developer";
				CODE_SIGN_STYLE = Automatic;
				COMBINE_HIDPI_IMAGES = YES;
				DEVELOPMENT_TEAM = Y7U83U369J;
				INFOPLIST_FILE = GlanceCalendarLauncher/Info.plist;
				LD_RUNPATH_SEARCH_PATHS = (
					"$(inherited)",
					"@executable_path/../Frameworks",
				);
				PRODUCT_BUNDLE_IDENTIFIER = com.wheream.io.GlanceCalendarLauncher;
				PRODUCT_NAME = "$(TARGET_NAME)";
				SKIP_INSTALL = YES;
				SWIFT_VERSION = 4.2;
			};
			name = Release;
		};
/* End XCBuildConfiguration section */

/* Begin XCConfigurationList section */
		49004E37217D2C9C007C27ED /* Build configuration list for PBXProject "GlanceCalendar" */ = {
			isa = XCConfigurationList;
			buildConfigurations = (
				49004E4A217D2C9D007C27ED /* Debug */,
				49004E4B217D2C9D007C27ED /* Release */,
			);
			defaultConfigurationIsVisible = 0;
			defaultConfigurationName = Release;
		};
		49004E4C217D2C9D007C27ED /* Build configuration list for PBXNativeTarget "GlanceCalendar" */ = {
			isa = XCConfigurationList;
			buildConfigurations = (
				49004E4D217D2C9D007C27ED /* Debug */,
				49004E4E217D2C9D007C27ED /* Release */,
			);
			defaultConfigurationIsVisible = 0;
			defaultConfigurationName = Release;
		};
		494109F4217D6EB800DE2B45 /* Build configuration list for PBXNativeTarget "GlanceCalendarTests" */ = {
			isa = XCConfigurationList;
			buildConfigurations = (
				494109F5217D6EB800DE2B45 /* Debug */,
				494109F6217D6EB800DE2B45 /* Release */,
			);
			defaultConfigurationIsVisible = 0;
			defaultConfigurationName = Release;
		};
		494838F02186531D00B3D4F9 /* Build configuration list for PBXNativeTarget "GlanceCalendarLauncher" */ = {
			isa = XCConfigurationList;
			buildConfigurations = (
				494838F12186531D00B3D4F9 /* Debug */,
				494838F22186531D00B3D4F9 /* Release */,
			);
			defaultConfigurationIsVisible = 0;
			defaultConfigurationName = Release;
		};
/* End XCConfigurationList section */
	};
	rootObject = 49004E34217D2C9C007C27ED /* Project object */;
}
